
Microsoft Visual Studio Solution File, Format Version 12.00
# Visual Studio 15
VisualStudioVersion = 15.0.27428.2043
MinimumVisualStudioVersion = 10.0.40219.1
Project("{9A19103F-16F7-4668-BE54-9A1E7A4F7556}") = "PTIRelianceLib", "PTIRelianceLib\PTIRelianceLib.csproj", "{CE7AF7A4-2B5E-47B4-B931-5A020D89FECF}"
EndProject
Project("{9A19103F-16F7-4668-BE54-9A1E7A4F7556}") = "RelianceCLI", "RelianceCLI\RelianceCLI.csproj", "{C052B624-9F4A-4A9D-9779-A245509405DA}"
EndProject
Project("{9A19103F-16F7-4668-BE54-9A1E7A4F7556}") = "PTIRelianceLib.Tests", "PTIRelianceLib.Tests\PTIRelianceLib.Tests.csproj", "{BF01698D-9309-4C2F-8950-0E80383B0C25}"
EndProject
Project("{2150E333-8FDC-42A3-9474-1A3956D46DE8}") = "Tools", "Tools", "{EB6B1FA0-5927-43DF-82C8-60D46D0DAD07}"
	ProjectSection(SolutionItems) = preProject
		tools\build_docs.ps1 = tools\build_docs.ps1
		tools\build_project.ps1 = tools\build_project.ps1
		tools\release_nuget.ps1 = tools\release_nuget.ps1
		tools\run_tests.ps1 = tools\run_tests.ps1
	EndProjectSection
EndProject
Project("{2150E333-8FDC-42A3-9474-1A3956D46DE8}") = "About", "About", "{BC05BD06-E0D3-42B7-B4D1-F9A609CBFDEC}"
	ProjectSection(SolutionItems) = preProject
		.gitattributes = .gitattributes
		.gitignore = .gitignore
		appveyor.yml = appveyor.yml
		LICENSE = LICENSE
		PTIRelianceLib\build\netstandard2.0\PTIRelianceLib.targets = PTIRelianceLib\build\netstandard2.0\PTIRelianceLib.targets
		README.md = README.md
		third-party-license-readme.md = third-party-license-readme.md
		PTIRelianceLib\PTIRelianceLib.csproj = PTIRelianceLib\PTIRelianceLib.csproj
	EndProjectSection
EndProject
Global
	GlobalSection(SolutionConfigurationPlatforms) = preSolution
		Debug|Any CPU = Debug|Any CPU
		Debug|x64 = Debug|x64
		Release|Any CPU = Release|Any CPU
		Release|x64 = Release|x64
	EndGlobalSection
	GlobalSection(ProjectConfigurationPlatforms) = postSolution
		{CE7AF7A4-2B5E-47B4-B931-5A020D89FECF}.Debug|Any CPU.ActiveCfg = Debug|Any CPU
		{CE7AF7A4-2B5E-47B4-B931-5A020D89FECF}.Debug|Any CPU.Build.0 = Debug|Any CPU
		{CE7AF7A4-2B5E-47B4-B931-5A020D89FECF}.Debug|x64.ActiveCfg = Debug|x64
		{CE7AF7A4-2B5E-47B4-B931-5A020D89FECF}.Debug|x64.Build.0 = Debug|x64
		{CE7AF7A4-2B5E-47B4-B931-5A020D89FECF}.Release|Any CPU.ActiveCfg = Release|Any CPU
		{CE7AF7A4-2B5E-47B4-B931-5A020D89FECF}.Release|Any CPU.Build.0 = Release|Any CPU
		{CE7AF7A4-2B5E-47B4-B931-5A020D89FECF}.Release|x64.ActiveCfg = Release|x64
		{CE7AF7A4-2B5E-47B4-B931-5A020D89FECF}.Release|x64.Build.0 = Release|x64
		{C052B624-9F4A-4A9D-9779-A245509405DA}.Debug|Any CPU.ActiveCfg = Debug|Any CPU
		{C052B624-9F4A-4A9D-9779-A245509405DA}.Debug|Any CPU.Build.0 = Debug|Any CPU
		{C052B624-9F4A-4A9D-9779-A245509405DA}.Debug|x64.ActiveCfg = Debug|x64
		{C052B624-9F4A-4A9D-9779-A245509405DA}.Debug|x64.Build.0 = Debug|x64
		{C052B624-9F4A-4A9D-9779-A245509405DA}.Release|Any CPU.ActiveCfg = Release|Any CPU
		{C052B624-9F4A-4A9D-9779-A245509405DA}.Release|Any CPU.Build.0 = Release|Any CPU
		{C052B624-9F4A-4A9D-9779-A245509405DA}.Release|x64.ActiveCfg = Release|x64
		{C052B624-9F4A-4A9D-9779-A245509405DA}.Release|x64.Build.0 = Release|x64
		{BF01698D-9309-4C2F-8950-0E80383B0C25}.Debug|Any CPU.ActiveCfg = Debug|Any CPU
		{BF01698D-9309-4C2F-8950-0E80383B0C25}.Debug|Any CPU.Build.0 = Debug|Any CPU
		{BF01698D-9309-4C2F-8950-0E80383B0C25}.Debug|x64.ActiveCfg = Debug|x64
		{BF01698D-9309-4C2F-8950-0E80383B0C25}.Debug|x64.Build.0 = Debug|x64
		{BF01698D-9309-4C2F-8950-0E80383B0C25}.Release|Any CPU.ActiveCfg = Release|Any CPU
		{BF01698D-9309-4C2F-8950-0E80383B0C25}.Release|Any CPU.Build.0 = Release|Any CPU
		{BF01698D-9309-4C2F-8950-0E80383B0C25}.Release|x64.ActiveCfg = Release|Any CPU
		{BF01698D-9309-4C2F-8950-0E80383B0C25}.Release|x64.Build.0 = Release|Any CPU
	EndGlobalSection
	GlobalSection(SolutionProperties) = preSolution
		HideSolutionNode = FALSE
	EndGlobalSection
	GlobalSection(ExtensibilityGlobals) = postSolution
		SolutionGuid = {B8204DB6-B8CE-44E1-9790-A9BD6CBF5849}
	EndGlobalSection
EndGlobal
